
Microsoft Visual Studio Solution File, Format Version 12.00
# Visual Studio Version 17
VisualStudioVersion = 17.9.34310.174
MinimumVisualStudioVersion = 10.0.40219.1
Project("{9A19103F-16F7-4668-BE54-9A1E7A4F7556}") = "PalindromeChecker", "PalindromeChecker\PalindromeChecker.csproj", "{9FB06FB5-31B9-474D-BD60-CC8E7B836E29}"
EndProject
Project("{FAE04EC0-301F-11D3-BF4B-00C04F79EFBC}") = "PalindromeCheckerTest", "PalindromeCheckerTest\PalindromeCheckerTest.csproj", "{6C78345C-EF53-4792-9561-BEA22D727E86}"
EndProject
Global
	GlobalSection(SolutionConfigurationPlatforms) = preSolution
		Debug|Any CPU = Debug|Any CPU
		Release|Any CPU = Release|Any CPU
	EndGlobalSection
	GlobalSection(ProjectConfigurationPlatforms) = postSolution
		{9FB06FB5-31B9-474D-BD60-CC8E7B836E29}.Debug|Any CPU.ActiveCfg = Debug|Any CPU
		{9FB06FB5-31B9-474D-BD60-CC8E7B836E29}.Debug|Any CPU.Build.0 = Debug|Any CPU
		{9FB06FB5-31B9-474D-BD60-CC8E7B836E29}.Release|Any CPU.ActiveCfg = Release|Any CPU
		{9FB06FB5-31B9-474D-BD60-CC8E7B836E29}.Release|Any CPU.Build.0 = Release|Any CPU
		{6C78345C-EF53-4792-9561-BEA22D727E86}.Debug|Any CPU.ActiveCfg = Debug|Any CPU
		{6C78345C-EF53-4792-9561-BEA22D727E86}.Debug|Any CPU.Build.0 = Debug|Any CPU
		{6C78345C-EF53-4792-9561-BEA22D727E86}.Release|Any CPU.ActiveCfg = Release|Any CPU
		{6C78345C-EF53-4792-9561-BEA22D727E86}.Release|Any CPU.Build.0 = Release|Any CPU
	EndGlobalSection
	GlobalSection(SolutionProperties) = preSolution
		HideSolutionNode = FALSE
	EndGlobalSection
	GlobalSection(ExtensibilityGlobals) = postSolution
		SolutionGuid = {3C8855EC-8903-4F99-BA99-F31B50B5B494}
	EndGlobalSection
EndGlobal
