
Microsoft Visual Studio Solution File, Format Version 12.00
# Visual Studio Version 17
VisualStudioVersion = 17.9.34310.174
MinimumVisualStudioVersion = 10.0.40219.1
Project("{FAE04EC0-301F-11D3-BF4B-00C04F79EFBC}") = "CapitalizeFirstWords", "CapitalizeFirstWords\CapitalizeFirstWords.csproj", "{81340B56-287A-49D3-8ABA-9FB617999F4E}"
EndProject
Global
	GlobalSection(SolutionConfigurationPlatforms) = preSolution
		Debug|Any CPU = Debug|Any CPU
		Release|Any CPU = Release|Any CPU
	EndGlobalSection
	GlobalSection(ProjectConfigurationPlatforms) = postSolution
		{81340B56-287A-49D3-8ABA-9FB617999F4E}.Debug|Any CPU.ActiveCfg = Debug|Any CPU
		{81340B56-287A-49D3-8ABA-9FB617999F4E}.Debug|Any CPU.Build.0 = Debug|Any CPU
		{81340B56-287A-49D3-8ABA-9FB617999F4E}.Release|Any CPU.ActiveCfg = Release|Any CPU
		{81340B56-287A-49D3-8ABA-9FB617999F4E}.Release|Any CPU.Build.0 = Release|Any CPU
	EndGlobalSection
	GlobalSection(SolutionProperties) = preSolution
		HideSolutionNode = FALSE
	EndGlobalSection
	GlobalSection(ExtensibilityGlobals) = postSolution
		SolutionGuid = {DFF16060-D68C-4E91-863E-00C1C625EE5E}
	EndGlobalSection
EndGlobal
