
Microsoft Visual Studio Solution File, Format Version 12.00
# Visual Studio Version 17
VisualStudioVersion = 17.9.34310.174
MinimumVisualStudioVersion = 10.0.40219.1
Project("{FAE04EC0-301F-11D3-BF4B-00C04F79EFBC}") = "HospitalManagementSystem", "HospitalManagementSystem\HospitalManagementSystem.csproj", "{91B5C9F2-916A-40D2-B0CA-E9F35D73ADFD}"
EndProject
Global
	GlobalSection(SolutionConfigurationPlatforms) = preSolution
		Debug|Any CPU = Debug|Any CPU
		Release|Any CPU = Release|Any CPU
	EndGlobalSection
	GlobalSection(ProjectConfigurationPlatforms) = postSolution
		{91B5C9F2-916A-40D2-B0CA-E9F35D73ADFD}.Debug|Any CPU.ActiveCfg = Debug|Any CPU
		{91B5C9F2-916A-40D2-B0CA-E9F35D73ADFD}.Debug|Any CPU.Build.0 = Debug|Any CPU
		{91B5C9F2-916A-40D2-B0CA-E9F35D73ADFD}.Release|Any CPU.ActiveCfg = Release|Any CPU
		{91B5C9F2-916A-40D2-B0CA-E9F35D73ADFD}.Release|Any CPU.Build.0 = Release|Any CPU
	EndGlobalSection
	GlobalSection(SolutionProperties) = preSolution
		HideSolutionNode = FALSE
	EndGlobalSection
	GlobalSection(ExtensibilityGlobals) = postSolution
		SolutionGuid = {800AE920-6816-4735-AC4A-A10DD01FC0D5}
	EndGlobalSection
EndGlobal
